
Microsoft Visual Studio Solution File, Format Version 12.00
# Visual Studio Version 17
VisualStudioVersion = 17.4.33205.214
MinimumVisualStudioVersion = 10.0.40219.1
Project("{FAE04EC0-301F-11D3-BF4B-00C04F79EFBC}") = "tooted", "tooted.csproj", "{B9D6F95B-D1F3-422E-88B0-61AA13F08228}"
EndProject
Global
	GlobalSection(SolutionConfigurationPlatforms) = preSolution
		Debug|Any CPU = Debug|Any CPU
		Release|Any CPU = Release|Any CPU
	EndGlobalSection
	GlobalSection(ProjectConfigurationPlatforms) = postSolution
		{B9D6F95B-D1F3-422E-88B0-61AA13F08228}.Debug|Any CPU.ActiveCfg = Debug|Any CPU
		{B9D6F95B-D1F3-422E-88B0-61AA13F08228}.Debug|Any CPU.Build.0 = Debug|Any CPU
		{B9D6F95B-D1F3-422E-88B0-61AA13F08228}.Release|Any CPU.ActiveCfg = Release|Any CPU
		{B9D6F95B-D1F3-422E-88B0-61AA13F08228}.Release|Any CPU.Build.0 = Release|Any CPU
	EndGlobalSection
	GlobalSection(SolutionProperties) = preSolution
		HideSolutionNode = FALSE
	EndGlobalSection
	GlobalSection(ExtensibilityGlobals) = postSolution
		SolutionGuid = {08F2F590-6B3C-425B-963B-6D06612EED29}
	EndGlobalSection
EndGlobal
